
Microsoft Visual Studio Solution File, Format Version 12.00
# Visual Studio Version 17
VisualStudioVersion = 17.7.34031.279
MinimumVisualStudioVersion = 10.0.40219.1
Project("{FAE04EC0-301F-11D3-BF4B-00C04F79EFBC}") = "tutorialandtraining", "tutorialandtraining\tutorialandtraining.csproj", "{7BFF7F08-3A4B-4795-B168-D36F6F738613}"
EndProject
Global
	GlobalSection(SolutionConfigurationPlatforms) = preSolution
		Debug|Any CPU = Debug|Any CPU
		Release|Any CPU = Release|Any CPU
	EndGlobalSection
	GlobalSection(ProjectConfigurationPlatforms) = postSolution
		{7BFF7F08-3A4B-4795-B168-D36F6F738613}.Debug|Any CPU.ActiveCfg = Debug|Any CPU
		{7BFF7F08-3A4B-4795-B168-D36F6F738613}.Debug|Any CPU.Build.0 = Debug|Any CPU
		{7BFF7F08-3A4B-4795-B168-D36F6F738613}.Release|Any CPU.ActiveCfg = Release|Any CPU
		{7BFF7F08-3A4B-4795-B168-D36F6F738613}.Release|Any CPU.Build.0 = Release|Any CPU
	EndGlobalSection
	GlobalSection(SolutionProperties) = preSolution
		HideSolutionNode = FALSE
	EndGlobalSection
	GlobalSection(ExtensibilityGlobals) = postSolution
		SolutionGuid = {04C12F62-17A0-4F19-8BF3-D2104226666E}
	EndGlobalSection
EndGlobal
