
Microsoft Visual Studio Solution File, Format Version 12.00
# Visual Studio Version 17
VisualStudioVersion = 17.7.34031.279
MinimumVisualStudioVersion = 10.0.40219.1
Project("{FAE04EC0-301F-11D3-BF4B-00C04F79EFBC}") = "CyberPrague", "CyberPrague\CyberPrague.csproj", "{5DB4844F-6CA1-4A00-AEA3-5F0590B51E6F}"
EndProject
Global
	GlobalSection(SolutionConfigurationPlatforms) = preSolution
		Debug|Any CPU = Debug|Any CPU
		Release|Any CPU = Release|Any CPU
	EndGlobalSection
	GlobalSection(ProjectConfigurationPlatforms) = postSolution
		{5DB4844F-6CA1-4A00-AEA3-5F0590B51E6F}.Debug|Any CPU.ActiveCfg = Debug|Any CPU
		{5DB4844F-6CA1-4A00-AEA3-5F0590B51E6F}.Debug|Any CPU.Build.0 = Debug|Any CPU
		{5DB4844F-6CA1-4A00-AEA3-5F0590B51E6F}.Release|Any CPU.ActiveCfg = Release|Any CPU
		{5DB4844F-6CA1-4A00-AEA3-5F0590B51E6F}.Release|Any CPU.Build.0 = Release|Any CPU
	EndGlobalSection
	GlobalSection(SolutionProperties) = preSolution
		HideSolutionNode = FALSE
	EndGlobalSection
	GlobalSection(ExtensibilityGlobals) = postSolution
		SolutionGuid = {2BB76DC1-D1B4-41AA-BDE8-5CB70ABD10D6}
	EndGlobalSection
EndGlobal
