
Microsoft Visual Studio Solution File, Format Version 12.00
# Visual Studio Version 17
VisualStudioVersion = 17.9.34728.123
MinimumVisualStudioVersion = 10.0.40219.1
Project("{FAE04EC0-301F-11D3-BF4B-00C04F79EFBC}") = "zombi game", "zombi game\zombi game.csproj", "{1D8C61AD-B934-4761-A121-8388CFFD960B}"
EndProject
Global
	GlobalSection(SolutionConfigurationPlatforms) = preSolution
		Debug|Any CPU = Debug|Any CPU
		Release|Any CPU = Release|Any CPU
	EndGlobalSection
	GlobalSection(ProjectConfigurationPlatforms) = postSolution
		{1D8C61AD-B934-4761-A121-8388CFFD960B}.Debug|Any CPU.ActiveCfg = Debug|Any CPU
		{1D8C61AD-B934-4761-A121-8388CFFD960B}.Debug|Any CPU.Build.0 = Debug|Any CPU
		{1D8C61AD-B934-4761-A121-8388CFFD960B}.Release|Any CPU.ActiveCfg = Release|Any CPU
		{1D8C61AD-B934-4761-A121-8388CFFD960B}.Release|Any CPU.Build.0 = Release|Any CPU
	EndGlobalSection
	GlobalSection(SolutionProperties) = preSolution
		HideSolutionNode = FALSE
	EndGlobalSection
	GlobalSection(ExtensibilityGlobals) = postSolution
		SolutionGuid = {DD6C5B02-E0D6-4145-8F3A-3762C1EA091B}
	EndGlobalSection
EndGlobal
