
Microsoft Visual Studio Solution File, Format Version 12.00
# Visual Studio Version 17
VisualStudioVersion = 17.7.34031.279
MinimumVisualStudioVersion = 10.0.40219.1
Project("{FAE04EC0-301F-11D3-BF4B-00C04F79EFBC}") = "ukol22dpole", "ukol22dpole\ukol22dpole.csproj", "{F6DB1C38-68BD-4B4F-8765-6B3AB9E6CC58}"
EndProject
Global
	GlobalSection(SolutionConfigurationPlatforms) = preSolution
		Debug|Any CPU = Debug|Any CPU
		Release|Any CPU = Release|Any CPU
	EndGlobalSection
	GlobalSection(ProjectConfigurationPlatforms) = postSolution
		{F6DB1C38-68BD-4B4F-8765-6B3AB9E6CC58}.Debug|Any CPU.ActiveCfg = Debug|Any CPU
		{F6DB1C38-68BD-4B4F-8765-6B3AB9E6CC58}.Debug|Any CPU.Build.0 = Debug|Any CPU
		{F6DB1C38-68BD-4B4F-8765-6B3AB9E6CC58}.Release|Any CPU.ActiveCfg = Release|Any CPU
		{F6DB1C38-68BD-4B4F-8765-6B3AB9E6CC58}.Release|Any CPU.Build.0 = Release|Any CPU
	EndGlobalSection
	GlobalSection(SolutionProperties) = preSolution
		HideSolutionNode = FALSE
	EndGlobalSection
	GlobalSection(ExtensibilityGlobals) = postSolution
		SolutionGuid = {308AF6E1-B2F5-4364-87FA-D55B79ACDCB3}
	EndGlobalSection
EndGlobal
