
Microsoft Visual Studio Solution File, Format Version 12.00
# Visual Studio Version 17
VisualStudioVersion = 17.7.34024.191
MinimumVisualStudioVersion = 10.0.40219.1
Project("{FAE04EC0-301F-11D3-BF4B-00C04F79EFBC}") = "tridy", "tridy\tridy.csproj", "{1348CF96-D9B8-44D6-B4B8-F7663A1C1A92}"
EndProject
Global
	GlobalSection(SolutionConfigurationPlatforms) = preSolution
		Debug|Any CPU = Debug|Any CPU
		Release|Any CPU = Release|Any CPU
	EndGlobalSection
	GlobalSection(ProjectConfigurationPlatforms) = postSolution
		{1348CF96-D9B8-44D6-B4B8-F7663A1C1A92}.Debug|Any CPU.ActiveCfg = Debug|Any CPU
		{1348CF96-D9B8-44D6-B4B8-F7663A1C1A92}.Debug|Any CPU.Build.0 = Debug|Any CPU
		{1348CF96-D9B8-44D6-B4B8-F7663A1C1A92}.Release|Any CPU.ActiveCfg = Release|Any CPU
		{1348CF96-D9B8-44D6-B4B8-F7663A1C1A92}.Release|Any CPU.Build.0 = Release|Any CPU
	EndGlobalSection
	GlobalSection(SolutionProperties) = preSolution
		HideSolutionNode = FALSE
	EndGlobalSection
	GlobalSection(ExtensibilityGlobals) = postSolution
		SolutionGuid = {E7576733-86AE-4651-B495-62B5EF6D4544}
	EndGlobalSection
EndGlobal
