
Microsoft Visual Studio Solution File, Format Version 12.00
# Visual Studio Version 17
VisualStudioVersion = 17.7.34024.191
MinimumVisualStudioVersion = 10.0.40219.1
Project("{FAE04EC0-301F-11D3-BF4B-00C04F79EFBC}") = "Pain(t)", "Pain(t)\Pain(t).csproj", "{07629EC7-9FD7-410D-A325-049C34B69B61}"
EndProject
Global
	GlobalSection(SolutionConfigurationPlatforms) = preSolution
		Debug|Any CPU = Debug|Any CPU
		Release|Any CPU = Release|Any CPU
	EndGlobalSection
	GlobalSection(ProjectConfigurationPlatforms) = postSolution
		{07629EC7-9FD7-410D-A325-049C34B69B61}.Debug|Any CPU.ActiveCfg = Debug|Any CPU
		{07629EC7-9FD7-410D-A325-049C34B69B61}.Debug|Any CPU.Build.0 = Debug|Any CPU
		{07629EC7-9FD7-410D-A325-049C34B69B61}.Release|Any CPU.ActiveCfg = Release|Any CPU
		{07629EC7-9FD7-410D-A325-049C34B69B61}.Release|Any CPU.Build.0 = Release|Any CPU
	EndGlobalSection
	GlobalSection(SolutionProperties) = preSolution
		HideSolutionNode = FALSE
	EndGlobalSection
	GlobalSection(ExtensibilityGlobals) = postSolution
		SolutionGuid = {EA50A576-FE58-47E7-8461-34390BC4ADB4}
	EndGlobalSection
EndGlobal
