
Microsoft Visual Studio Solution File, Format Version 12.00
# Visual Studio Version 17
VisualStudioVersion = 17.7.34031.279
MinimumVisualStudioVersion = 10.0.40219.1
Project("{FAE04EC0-301F-11D3-BF4B-00C04F79EFBC}") = "Parak", "Parak\Parak.csproj", "{13864CC2-CC9A-46BB-9468-266C51834CB7}"
EndProject
Global
	GlobalSection(SolutionConfigurationPlatforms) = preSolution
		Debug|Any CPU = Debug|Any CPU
		Release|Any CPU = Release|Any CPU
	EndGlobalSection
	GlobalSection(ProjectConfigurationPlatforms) = postSolution
		{13864CC2-CC9A-46BB-9468-266C51834CB7}.Debug|Any CPU.ActiveCfg = Debug|Any CPU
		{13864CC2-CC9A-46BB-9468-266C51834CB7}.Debug|Any CPU.Build.0 = Debug|Any CPU
		{13864CC2-CC9A-46BB-9468-266C51834CB7}.Release|Any CPU.ActiveCfg = Release|Any CPU
		{13864CC2-CC9A-46BB-9468-266C51834CB7}.Release|Any CPU.Build.0 = Release|Any CPU
	EndGlobalSection
	GlobalSection(SolutionProperties) = preSolution
		HideSolutionNode = FALSE
	EndGlobalSection
	GlobalSection(ExtensibilityGlobals) = postSolution
		SolutionGuid = {FEA4EA98-6C80-4C59-B50D-CF9A44768CF2}
	EndGlobalSection
EndGlobal
